
Microsoft Visual Studio Solution File, Format Version 12.00
# Visual Studio Version 16
VisualStudioVersion = 16.0.30611.23
MinimumVisualStudioVersion = 10.0.40219.1
Project("{9A19103F-16F7-4668-BE54-9A1E7A4F7556}") = "PrediktiveChallenge.Api", "PrediktiveChallenge\PrediktiveChallenge.Api.csproj", "{82413296-A6BD-4838-AB0C-3A3C0BDF448D}"
EndProject
Project("{9A19103F-16F7-4668-BE54-9A1E7A4F7556}") = "PrediktiveChallenge.Application", "PrediktiveChallenge.Application\PrediktiveChallenge.Application.csproj", "{BF84B7DA-3504-4214-A166-A6107538AD93}"
EndProject
Project("{9A19103F-16F7-4668-BE54-9A1E7A4F7556}") = "PrediktiveChallenge.Domain", "PrediktiveChallenge.Domain\PrediktiveChallenge.Domain.csproj", "{D7B365A9-186A-4D62-9143-AFA9A5E950E4}"
EndProject
Project("{FAE04EC0-301F-11D3-BF4B-00C04F79EFBC}") = "PrediktiveChallenge.Tests", "PrediktiveChallenge.Tests\PrediktiveChallenge.Tests.csproj", "{3D6D1733-0156-4EA0-AD40-B5FD4A1295DB}"
EndProject
Project("{FAE04EC0-301F-11D3-BF4B-00C04F79EFBC}") = "PrediktiveChallenge.Infrastructure", "PrediktiveChallenge.Infrastructure\PrediktiveChallenge.Infrastructure.csproj", "{4C49B496-8760-40D4-9DE0-4E94E63B644A}"
EndProject
Global
	GlobalSection(SolutionConfigurationPlatforms) = preSolution
		Debug|Any CPU = Debug|Any CPU
		Release|Any CPU = Release|Any CPU
	EndGlobalSection
	GlobalSection(ProjectConfigurationPlatforms) = postSolution
		{82413296-A6BD-4838-AB0C-3A3C0BDF448D}.Debug|Any CPU.ActiveCfg = Debug|Any CPU
		{82413296-A6BD-4838-AB0C-3A3C0BDF448D}.Debug|Any CPU.Build.0 = Debug|Any CPU
		{82413296-A6BD-4838-AB0C-3A3C0BDF448D}.Release|Any CPU.ActiveCfg = Release|Any CPU
		{82413296-A6BD-4838-AB0C-3A3C0BDF448D}.Release|Any CPU.Build.0 = Release|Any CPU
		{BF84B7DA-3504-4214-A166-A6107538AD93}.Debug|Any CPU.ActiveCfg = Debug|Any CPU
		{BF84B7DA-3504-4214-A166-A6107538AD93}.Debug|Any CPU.Build.0 = Debug|Any CPU
		{BF84B7DA-3504-4214-A166-A6107538AD93}.Release|Any CPU.ActiveCfg = Release|Any CPU
		{BF84B7DA-3504-4214-A166-A6107538AD93}.Release|Any CPU.Build.0 = Release|Any CPU
		{D7B365A9-186A-4D62-9143-AFA9A5E950E4}.Debug|Any CPU.ActiveCfg = Debug|Any CPU
		{D7B365A9-186A-4D62-9143-AFA9A5E950E4}.Debug|Any CPU.Build.0 = Debug|Any CPU
		{D7B365A9-186A-4D62-9143-AFA9A5E950E4}.Release|Any CPU.ActiveCfg = Release|Any CPU
		{D7B365A9-186A-4D62-9143-AFA9A5E950E4}.Release|Any CPU.Build.0 = Release|Any CPU
		{3D6D1733-0156-4EA0-AD40-B5FD4A1295DB}.Debug|Any CPU.ActiveCfg = Debug|Any CPU
		{3D6D1733-0156-4EA0-AD40-B5FD4A1295DB}.Debug|Any CPU.Build.0 = Debug|Any CPU
		{3D6D1733-0156-4EA0-AD40-B5FD4A1295DB}.Release|Any CPU.ActiveCfg = Release|Any CPU
		{3D6D1733-0156-4EA0-AD40-B5FD4A1295DB}.Release|Any CPU.Build.0 = Release|Any CPU
		{4C49B496-8760-40D4-9DE0-4E94E63B644A}.Debug|Any CPU.ActiveCfg = Debug|Any CPU
		{4C49B496-8760-40D4-9DE0-4E94E63B644A}.Debug|Any CPU.Build.0 = Debug|Any CPU
		{4C49B496-8760-40D4-9DE0-4E94E63B644A}.Release|Any CPU.ActiveCfg = Release|Any CPU
		{4C49B496-8760-40D4-9DE0-4E94E63B644A}.Release|Any CPU.Build.0 = Release|Any CPU
	EndGlobalSection
	GlobalSection(SolutionProperties) = preSolution
		HideSolutionNode = FALSE
	EndGlobalSection
	GlobalSection(ExtensibilityGlobals) = postSolution
		SolutionGuid = {1477053C-07EE-4C43-9AD0-424A6256B7E4}
	EndGlobalSection
EndGlobal
